{
  "name": "code-analyzer-example",
  "version": "1.0.0",
  "lockfileVersion": 3,
  "requires": true,
  "packages": {
    "": {
      "name": "code-analyzer-example",
      "version": "1.0.0",
      "devDependencies": {
        "code-analyzer": "file:.."
      }
    },
    "..": {
      "version": "0.1.0",
      "dev": true,
      "license": "MIT",
      "dependencies": {
        "@types/react": "^19.2.2",
        "chalk": "^4.1.2",
        "eslint": "^8.57.0",
        "fs-extra": "^11.2.0",
        "react": "^19.2.0",
        "simple-git": "^3.22.0"
      },
      "bin": {
        "code-analyzer": "bin/code-analyzer.js"
      },
      "devDependencies": {
        "@types/eslint": "^9.6.1",
        "@types/fs-extra": "^11.0.4",
        "@types/node": "^20.0.0",
        "typescript": "^5.0.0"
      }
    },
    "node_modules/code-analyzer": {
      "resolved": "..",
      "link": true
    }
  }
}
